
Microsoft Visual Studio Solution File, Format Version 12.00
# Visual Studio Version 16
VisualStudioVersion = 16.0.28917.182
MinimumVisualStudioVersion = 10.0.40219.1
Project("{FAE04EC0-301F-11D3-BF4B-00C04F79EFBC}") = "BookstoreD", "BookstoreD\BookstoreD.csproj", "{4C3216F1-983C-481A-9A9A-39ED525DA1CB}"
EndProject
Global
	GlobalSection(SolutionConfigurationPlatforms) = preSolution
		Debug|Any CPU = Debug|Any CPU
		Release|Any CPU = Release|Any CPU
	EndGlobalSection
	GlobalSection(ProjectConfigurationPlatforms) = postSolution
		{4C3216F1-983C-481A-9A9A-39ED525DA1CB}.Debug|Any CPU.ActiveCfg = Debug|Any CPU
		{4C3216F1-983C-481A-9A9A-39ED525DA1CB}.Debug|Any CPU.Build.0 = Debug|Any CPU
		{4C3216F1-983C-481A-9A9A-39ED525DA1CB}.Release|Any CPU.ActiveCfg = Release|Any CPU
		{4C3216F1-983C-481A-9A9A-39ED525DA1CB}.Release|Any CPU.Build.0 = Release|Any CPU
	EndGlobalSection
	GlobalSection(SolutionProperties) = preSolution
		HideSolutionNode = FALSE
	EndGlobalSection
	GlobalSection(ExtensibilityGlobals) = postSolution
		SolutionGuid = {52C451F6-0F6C-40F9-9C24-9FE019A7BA40}
	EndGlobalSection
EndGlobal
